
Microsoft Visual Studio Solution File, Format Version 12.00
# Visual Studio Version 17
VisualStudioVersion = 17.3.32811.315
MinimumVisualStudioVersion = 10.0.40219.1
Project("{FAE04EC0-301F-11D3-BF4B-00C04F79EFBC}") = "Streamed Chaos", "Streamed Chaos\Streamed Chaos.csproj", "{08597222-40D7-4FAB-A9B2-48152F2CC224}"
EndProject
Global
	GlobalSection(SolutionConfigurationPlatforms) = preSolution
		Debug|Any CPU = Debug|Any CPU
		Release|Any CPU = Release|Any CPU
	EndGlobalSection
	GlobalSection(ProjectConfigurationPlatforms) = postSolution
		{08597222-40D7-4FAB-A9B2-48152F2CC224}.Debug|Any CPU.ActiveCfg = Debug|Any CPU
		{08597222-40D7-4FAB-A9B2-48152F2CC224}.Debug|Any CPU.Build.0 = Debug|Any CPU
		{08597222-40D7-4FAB-A9B2-48152F2CC224}.Release|Any CPU.ActiveCfg = Release|Any CPU
		{08597222-40D7-4FAB-A9B2-48152F2CC224}.Release|Any CPU.Build.0 = Release|Any CPU
	EndGlobalSection
	GlobalSection(SolutionProperties) = preSolution
		HideSolutionNode = FALSE
	EndGlobalSection
	GlobalSection(ExtensibilityGlobals) = postSolution
		SolutionGuid = {FAFB938F-9AA3-4547-9BEF-9AA2ACE49574}
	EndGlobalSection
EndGlobal
